{
    "_meta": {
        "hash": {
            "sha256": "422bb61234f67e026c87eaff8724b125d4fdf42b1e14726a28d9a2b4e020984b"
        },
        "pipfile-spec": 6,
        "requires": {
            "python_version": "3.6"
        },
        "sources": [
            {
                "name": "pypi",
                "url": "https://pypi.org/simple",
                "verify_ssl": true
            }
        ]
    },
    "default": {
        "alembic": {
            "hashes": [
                "sha256:29be0856ec7591c39f4e1cb10f198045d890e6e2274cf8da80cb5e721a09642b",
                "sha256:4961248173ead7ce8a21efb3de378f13b8398e6630fab0eb258dc74a8af24c58"
            ],
            "markers": "python_version >= '3.6'",
            "version": "==1.7.7"
        },
        "atomicwrites": {
            "hashes": [
                "sha256:81b2c9071a49367a7f770170e5eec8cb66567cfbbc8c73d20ce5ca4a8d71cf11"
            ],
            "version": "==1.4.1"
        },
        "attrs": {
            "hashes": [
                "sha256:29adc2665447e5191d0e7c568fde78b21f9672d344281d0c6e1ab085429b22b6",
                "sha256:86efa402f67bf2df34f51a335487cf46b1ec130d02b8d39fd248abfd30da551c"
            ],
            "markers": "python_version >= '3.5'",
            "version": "==22.1.0"
        },
        "bcrypt": {
            "hashes": [
                "sha256:089098effa1bc35dc055366740a067a2fc76987e8ec75349eb9484061c54f535",
                "sha256:08d2947c490093a11416df18043c27abe3921558d2c03e2076ccb28a116cb6d0",
                "sha256:0eaa47d4661c326bfc9d08d16debbc4edf78778e6aaba29c1bc7ce67214d4410",
                "sha256:27d375903ac8261cfe4047f6709d16f7d18d39b1ec92aaf72af989552a650ebd",
                "sha256:2b3ac11cf45161628f1f3733263e63194f22664bf4d0c0f3ab34099c02134665",
                "sha256:2caffdae059e06ac23fce178d31b4a702f2a3264c20bfb5ff541b338194d8fab",
                "sha256:3100851841186c25f127731b9fa11909ab7b1df6fc4b9f8353f4f1fd952fbf71",
                "sha256:5ad4d32a28b80c5fa6671ccfb43676e8c1cc232887759d1cd7b6f56ea4355215",
                "sha256:67a97e1c405b24f19d08890e7ae0c4f7ce1e56a712a016746c8b2d7732d65d4b",
                "sha256:705b2cea8a9ed3d55b4491887ceadb0106acf7c6387699fca771af56b1cdeeda",
                "sha256:8a68f4341daf7522fe8d73874de8906f3a339048ba406be6ddc1b3ccb16fc0d9",
                "sha256:a522427293d77e1c29e303fc282e2d71864579527a04ddcfda6d4f8396c6c36a",
                "sha256:ae88eca3024bb34bb3430f964beab71226e761f51b912de5133470b649d82344",
                "sha256:b1023030aec778185a6c16cf70f359cbb6e0c289fd564a7cfa29e727a1c38f8f",
                "sha256:b3b85202d95dd568efcb35b53936c5e3b3600c7cdcc6115ba461df3a8e89f38d",
                "sha256:b57adba8a1444faf784394de3436233728a1ecaeb6e07e8c22c8848f179b893c",
                "sha256:bf4fa8b2ca74381bb5442c089350f09a3f17797829d958fad058d6e44d9eb83c",
                "sha256:ca3204d00d3cb2dfed07f2d74a25f12fc12f73e606fcaa6975d1f7ae69cacbb2",
                "sha256:cbb03eec97496166b704ed663a53680ab57c5084b2fc98ef23291987b525cb7d",
                "sha256:e9a51bbfe7e9802b5f3508687758b564069ba937748ad7b9e890086290d2f79e",
                "sha256:fbdaec13c5105f0c4e5c52614d04f0bca5f5af007910daa8b6b12095edaa67b3"
            ],
            "markers": "python_version >= '3.6'",
            "version": "==4.0.1"
        },
        "certifi": {
            "hashes": [
                "sha256:35824b4c3a97115964b408844d64aa14db1cc518f6562e8d7261699d1350a9e3",
                "sha256:4ad3232f5e926d6718ec31cfc1fcadfde020920e278684144551c91769c7bc18"
            ],
            "index": "pypi",
            "version": "==2022.12.7"
        },
        "charset-normalizer": {
            "hashes": [
                "sha256:2857e29ff0d34db842cd7ca3230549d1a697f96ee6d3fb071cfa6c7393832597",
                "sha256:6881edbebdb17b39b4eaaa821b438bf6eddffb4468cf344f09f89def34a8b1df"
            ],
            "markers": "python_version >= '3'",
            "version": "==2.0.12"
        },
        "click": {
            "hashes": [
                "sha256:6a7a62563bbfabfda3a38f3023a1db4a35978c0abd76f6c9605ecd6554d6d9b1",
                "sha256:8458d7b1287c5fb128c90e23381cf99dcde74beaf6c7ff6384ce84d6fe090adb"
            ],
            "markers": "python_version >= '3.6'",
            "version": "==8.0.4"
        },
        "coverage": {
            "hashes": [
                "sha256:00d464797a236f654337181af72b4baea3d35d056ca480e45e9163bb5df496b8",
                "sha256:0a90afa6f5ea08889da9066dca3ce2ef85d47587e3f66ca06a4fa8d3a0053acc",
                "sha256:0ba6c4345e3c197f6a3ba924d155c402ad28c080ac0d79529493eb17582fbc41",
                "sha256:2be3748f45d2eb0259c3c93abccc15c10725ef715bf0817a4c0a1a1dad2abc6a",
                "sha256:50727512afe77e044c7d7f2fd4cd0fe62b06527f965b335a810d956748e0514d",
                "sha256:6c2fd127cd4e2decb0ab41fe3ac2948b87ad2ea0470e24b4be5f7e7fdfef8df3",
                "sha256:6ed521ed3800d8f8911642b9b3c3891780a929db5e572c88c4713c1032530f82",
                "sha256:76a73a48a308fb87a4417d630b0345d36166f489ef17ea5aa8e4596fb50a2296",
                "sha256:7eaa0a33423476ed63317ee0a53cc07c0e36b5a390e3e95b95152e7eb6b3a6f6",
                "sha256:845d0f8a1765074b3256f07ddbce2969e5a5316dfd0eb3289137010d7677326a",
                "sha256:85b1275b6d7a61ccc8024a4e9a4c9e896394776edce1a5d075ec116f91925462",
                "sha256:8e60e720cad3ee6b0a32f475ae4040552c5623870a9ca0d3d4263faa89a8d96b",
                "sha256:93c50475f189cd226e9688b9897a0cd3c4c5d9c90b1733fa8f6445cfc0182c51",
                "sha256:94c1e66610807a7917d967ed6415b9d5fde7487ab2a07bb5e054567865ef6ef0",
                "sha256:964f86394cb4d0fd2bb40ffcddca321acf4323b48d1aa5a93db8b743c8a00f79",
                "sha256:99043494b28d6460035dd9410269cdb437ee460edc7f96f07ab45c57ba95e651",
                "sha256:addf63b5e39d573c459c3930b25176146395c1dc1afce4710067bb5e6dc4ea58",
                "sha256:af2f59ce312523c384a7826821cae0b95f320fee1751387abba4f00eed737166",
                "sha256:af6ed80340e5e1b89fa794f730ce7597651fbda3312e500002688b679c184ef9",
                "sha256:beb96d32ce8cfa47ec6433d95a33e4afaa97c19ac1b4a47ea40a424fedfee7c2",
                "sha256:c00bac0f6b35b82ace069a6a0d88e8fd4cd18d964fc5e47329cd02b212397fbe",
                "sha256:d079e36baceea9707fd50b268305654151011274494a33c608c075808920eda8",
                "sha256:d3188345f1c7161d701fd2ea9150f9bb6e2df890f3ddd6c0aea1f525e21d1544",
                "sha256:e65c78bde155a734f0d624647c4d6e0f47fb4875355a0b95c37d537788737f4f",
                "sha256:e813cba9ff0e3d37ad31dc127fac85d23f9a26d0461ef8042ac4539b2045e781",
                "sha256:e96c13a40df389ce8cbb5ec108e5fb834989d1bedff5d8846e5aa3d270a5f3b6",
                "sha256:ee2338539157cfc35fb1d6757dd799126804df39393c4a6c5fe88b402c8c0ab4"
            ],
            "index": "pypi",
            "version": "==4.0.3"
        },
        "dataclasses": {
            "hashes": [
                "sha256:0201d89fa866f68c8ebd9d08ee6ff50c0b255f8ec63a71c16fda7af82bb887bf",
                "sha256:8479067f342acf957dc82ec415d355ab5edb7e7646b90dc6e2fd1d96ad084c97"
            ],
            "markers": "python_version < '3.7'",
            "version": "==0.8"
        },
        "flask": {
            "hashes": [
                "sha256:2271c0070dbcb5275fad4a82e29f23ab92682dc45f9dfbc22c02ba9b9322ce48",
                "sha256:a080b744b7e345ccfcbc77954861cb05b3c63786e93f2b3875e0913d44b43f05"
            ],
            "index": "pypi",
            "version": "==1.0.2"
        },
        "flask-bcrypt": {
            "hashes": [
                "sha256:d71c8585b2ee1c62024392ebdbc447438564e2c8c02b4e57b56a4cafd8d13c5f"
            ],
            "index": "pypi",
            "version": "==0.7.1"
        },
        "flask-migrate": {
            "hashes": [
                "sha256:83ebc105f87357ddd3968f83510d2b1092f006660b1c6ba07a4efce036ca567d",
                "sha256:cd1b4e6cb829eeb41c02ad9202d83bef5f4b7a036dd9fad72ce96ad1e22efb07"
            ],
            "index": "pypi",
            "version": "==2.2.1"
        },
        "flask-script": {
            "hashes": [
                "sha256:6425963d91054cfcc185807141c7314a9c5ad46325911bd24dcb489bd0161c65"
            ],
            "index": "pypi",
            "version": "==2.0.6"
        },
        "flask-sqlalchemy": {
            "hashes": [
                "sha256:3bc0fac969dd8c0ace01b32060f0c729565293302f0c4269beed154b46bec50b",
                "sha256:5971b9852b5888655f11db634e87725a9031e170f37c0ce7851cf83497f56e53"
            ],
            "index": "pypi",
            "version": "==2.3.2"
        },
        "greenlet": {
            "hashes": [
                "sha256:0109af1138afbfb8ae647e31a2b1ab030f58b21dd8528c27beaeb0093b7938a9",
                "sha256:0459d94f73265744fee4c2d5ec44c6f34aa8a31017e6e9de770f7bcf29710be9",
                "sha256:04957dc96669be041e0c260964cfef4c77287f07c40452e61abe19d647505581",
                "sha256:0722c9be0797f544a3ed212569ca3fe3d9d1a1b13942d10dd6f0e8601e484d26",
                "sha256:097e3dae69321e9100202fc62977f687454cd0ea147d0fd5a766e57450c569fd",
                "sha256:0b493db84d124805865adc587532ebad30efa68f79ad68f11b336e0a51ec86c2",
                "sha256:13ba6e8e326e2116c954074c994da14954982ba2795aebb881c07ac5d093a58a",
                "sha256:13ebf93c343dd8bd010cd98e617cb4c1c1f352a0cf2524c82d3814154116aa82",
                "sha256:1407fe45246632d0ffb7a3f4a520ba4e6051fc2cbd61ba1f806900c27f47706a",
                "sha256:1bf633a50cc93ed17e494015897361010fc08700d92676c87931d3ea464123ce",
                "sha256:2d0bac0385d2b43a7bd1d651621a4e0f1380abc63d6fb1012213a401cbd5bf8f",
                "sha256:3001d00eba6bbf084ae60ec7f4bb8ed375748f53aeaefaf2a37d9f0370558524",
                "sha256:356e4519d4dfa766d50ecc498544b44c0249b6de66426041d7f8b751de4d6b48",
                "sha256:38255a3f1e8942573b067510f9611fc9e38196077b0c8eb7a8c795e105f9ce77",
                "sha256:3d75b8d013086b08e801fbbb896f7d5c9e6ccd44f13a9241d2bf7c0df9eda928",
                "sha256:41b825d65f31e394b523c84db84f9383a2f7eefc13d987f308f4663794d2687e",
                "sha256:42e602564460da0e8ee67cb6d7236363ee5e131aa15943b6670e44e5c2ed0f67",
                "sha256:4aeaebcd91d9fee9aa768c1b39cb12214b30bf36d2b7370505a9f2165fedd8d9",
                "sha256:4c8b1c43e75c42a6cafcc71defa9e01ead39ae80bd733a2608b297412beede68",
                "sha256:4d37990425b4687ade27810e3b1a1c37825d242ebc275066cfee8cb6b8829ccd",
                "sha256:4f09b0010e55bec3239278f642a8a506b91034f03a4fb28289a7d448a67f1515",
                "sha256:505138d4fa69462447a562a7c2ef723c6025ba12ac04478bc1ce2fcc279a2db5",
                "sha256:5067920de254f1a2dee8d3d9d7e4e03718e8fd2d2d9db962c8c9fa781ae82a39",
                "sha256:56961cfca7da2fdd178f95ca407fa330c64f33289e1804b592a77d5593d9bd94",
                "sha256:5a8e05057fab2a365c81abc696cb753da7549d20266e8511eb6c9d9f72fe3e92",
                "sha256:659f167f419a4609bc0516fb18ea69ed39dbb25594934bd2dd4d0401660e8a1e",
                "sha256:662e8f7cad915ba75d8017b3e601afc01ef20deeeabf281bd00369de196d7726",
                "sha256:6f61d71bbc9b4a3de768371b210d906726535d6ca43506737682caa754b956cd",
                "sha256:72b00a8e7c25dcea5946692a2485b1a0c0661ed93ecfedfa9b6687bd89a24ef5",
                "sha256:811e1d37d60b47cb8126e0a929b58c046251f28117cb16fcd371eed61f66b764",
                "sha256:81b0ea3715bf6a848d6f7149d25bf018fd24554a4be01fcbbe3fdc78e890b955",
                "sha256:88c8d517e78acdf7df8a2134a3c4b964415b575d2840a2746ddb1cc6175f8608",
                "sha256:8dca09dedf1bd8684767bc736cc20c97c29bc0c04c413e3276e0962cd7aeb148",
                "sha256:974a39bdb8c90a85982cdb78a103a32e0b1be986d411303064b28a80611f6e51",
                "sha256:9e112e03d37987d7b90c1e98ba5e1b59e1645226d78d73282f45b326f7bddcb9",
                "sha256:9e9744c657d896c7b580455e739899e492a4a452e2dd4d2b3e459f6b244a638d",
                "sha256:9ed358312e63bf683b9ef22c8e442ef6c5c02973f0c2a939ec1d7b50c974015c",
                "sha256:9f2c221eecb7ead00b8e3ddb913c67f75cba078fd1d326053225a3f59d850d72",
                "sha256:a20d33124935d27b80e6fdacbd34205732660e0a1d35d8b10b3328179a2b51a1",
                "sha256:a4c0757db9bd08470ff8277791795e70d0bf035a011a528ee9a5ce9454b6cba2",
                "sha256:afe07421c969e259e9403c3bb658968702bc3b78ec0b6fde3ae1e73440529c23",
                "sha256:b1992ba9d4780d9af9726bbcef6a1db12d9ab1ccc35e5773685a24b7fb2758eb",
                "sha256:b23d2a46d53210b498e5b701a1913697671988f4bf8e10f935433f6e7c332fb6",
                "sha256:b5e83e4de81dcc9425598d9469a624826a0b1211380ac444c7c791d4a2137c19",
                "sha256:be35822f35f99dcc48152c9839d0171a06186f2d71ef76dc57fa556cc9bf6b45",
                "sha256:be9e0fb2ada7e5124f5282d6381903183ecc73ea019568d6d63d33f25b2a9000",
                "sha256:c140e7eb5ce47249668056edf3b7e9900c6a2e22fb0eaf0513f18a1b2c14e1da",
                "sha256:c6a08799e9e88052221adca55741bf106ec7ea0710bca635c208b751f0d5b617",
                "sha256:cb242fc2cda5a307a7698c93173d3627a2a90d00507bccf5bc228851e8304963",
                "sha256:cce1e90dd302f45716a7715517c6aa0468af0bf38e814ad4eab58e88fc09f7f7",
                "sha256:cd4ccc364cf75d1422e66e247e52a93da6a9b73cefa8cad696f3cbbb75af179d",
                "sha256:d21681f09e297a5adaa73060737e3aa1279a13ecdcfcc6ef66c292cb25125b2d",
                "sha256:d38ffd0e81ba8ef347d2be0772e899c289b59ff150ebbbbe05dc61b1246eb4e0",
                "sha256:d566b82e92ff2e09dd6342df7e0eb4ff6275a3f08db284888dcd98134dbd4243",
                "sha256:d5b0ff9878333823226d270417f24f4d06f235cb3e54d1103b71ea537a6a86ce",
                "sha256:d6ee1aa7ab36475035eb48c01efae87d37936a8173fc4d7b10bb02c2d75dd8f6",
                "sha256:db38f80540083ea33bdab614a9d28bcec4b54daa5aff1668d7827a9fc769ae0a",
                "sha256:ea688d11707d30e212e0110a1aac7f7f3f542a259235d396f88be68b649e47d1",
                "sha256:f6327b6907b4cb72f650a5b7b1be23a2aab395017aa6f1adb13069d66360eb3f",
                "sha256:fb412b7db83fe56847df9c47b6fe3f13911b06339c2aa02dcc09dce8bbf582cd"
            ],
            "markers": "python_version >= '3' and platform_machine == 'aarch64' or (platform_machine == 'ppc64le' or (platform_machine == 'x86_64' or (platform_machine == 'amd64' or (platform_machine == 'AMD64' or (platform_machine == 'win32' or platform_machine == 'WIN32')))))",
            "version": "==2.0.1"
        },
        "gunicorn": {
            "hashes": [
                "sha256:aa8e0b40b4157b36a5df5e599f45c9c76d6af43845ba3b3b0efe2c70473c2471",
                "sha256:fa2662097c66f920f53f70621c6c58ca4a3c4d3434205e608e121b5b3b71f4f3"
            ],
            "index": "pypi",
            "version": "==19.9.0"
        },
        "idna": {
            "hashes": [
                "sha256:814f528e8dead7d329833b91c5faa87d60bf71824cd12a7530b5526063d02cb4",
                "sha256:90b77e79eaa3eba6de819a0c442c0b4ceefc341a7a2ab77d7562bf49f425c5c2"
            ],
            "markers": "python_version >= '3'",
            "version": "==3.4"
        },
        "importlib-metadata": {
            "hashes": [
                "sha256:65a9576a5b2d58ca44d133c42a241905cc45e34d2c06fd5ba2bafa221e5d7b5e",
                "sha256:766abffff765960fcc18003801f7044eb6755ffae4521c8e8ce8e83b9c9b0668"
            ],
            "markers": "python_version < '3.9'",
            "version": "==4.8.3"
        },
        "importlib-resources": {
            "hashes": [
                "sha256:33a95faed5fc19b4bc16b29a6eeae248a3fe69dd55d4d229d2b480e23eeaad45",
                "sha256:d756e2f85dd4de2ba89be0b21dba2a3bbec2e871a42a3a16719258a11f87506b"
            ],
            "markers": "python_version < '3.9'",
            "version": "==5.4.0"
        },
        "itsdangerous": {
            "hashes": [
                "sha256:5174094b9637652bdb841a3029700391451bd092ba3db90600dea710ba28e97c",
                "sha256:9e724d68fc22902a1435351f84c3fb8623f303fffcc566a4cb952df8c572cff0"
            ],
            "markers": "python_version >= '3.6'",
            "version": "==2.0.1"
        },
        "jinja2": {
            "hashes": [
                "sha256:077ce6014f7b40d03b47d1f1ca4b0fc8328a692bd284016f806ed0eaca390ad8",
                "sha256:611bb273cd68f3b993fabdc4064fc858c5b47a973cb5aa7999ec1ba405c87cd7"
            ],
            "markers": "python_version >= '3.6'",
            "version": "==3.0.3"
        },
        "mako": {
            "hashes": [
                "sha256:4e9e345a41924a954251b95b4b28e14a301145b544901332e658907a7464b6b2",
                "sha256:afaf8e515d075b22fad7d7b8b30e4a1c90624ff2f3733a06ec125f5a5f043a57"
            ],
            "markers": "python_version >= '2.7' and python_version not in '3.0, 3.1, 3.2, 3.3'",
            "version": "==1.1.6"
        },
        "markupsafe": {
            "hashes": [
                "sha256:01a9b8ea66f1658938f65b93a85ebe8bc016e6769611be228d797c9d998dd298",
                "sha256:023cb26ec21ece8dc3907c0e8320058b2e0cb3c55cf9564da612bc325bed5e64",
                "sha256:0446679737af14f45767963a1a9ef7620189912317d095f2d9ffa183a4d25d2b",
                "sha256:04635854b943835a6ea959e948d19dcd311762c5c0c6e1f0e16ee57022669194",
                "sha256:0717a7390a68be14b8c793ba258e075c6f4ca819f15edfc2a3a027c823718567",
                "sha256:0955295dd5eec6cb6cc2fe1698f4c6d84af2e92de33fbcac4111913cd100a6ff",
                "sha256:0d4b31cc67ab36e3392bbf3862cfbadac3db12bdd8b02a2731f509ed5b829724",
                "sha256:10f82115e21dc0dfec9ab5c0223652f7197feb168c940f3ef61563fc2d6beb74",
                "sha256:168cd0a3642de83558a5153c8bd34f175a9a6e7f6dc6384b9655d2697312a646",
                "sha256:1d609f577dc6e1aa17d746f8bd3c31aa4d258f4070d61b2aa5c4166c1539de35",
                "sha256:1f2ade76b9903f39aa442b4aadd2177decb66525062db244b35d71d0ee8599b6",
                "sha256:20dca64a3ef2d6e4d5d615a3fd418ad3bde77a47ec8a23d984a12b5b4c74491a",
                "sha256:2a7d351cbd8cfeb19ca00de495e224dea7e7d919659c2841bbb7f420ad03e2d6",
                "sha256:2d7d807855b419fc2ed3e631034685db6079889a1f01d5d9dac950f764da3dad",
                "sha256:2ef54abee730b502252bcdf31b10dacb0a416229b72c18b19e24a4509f273d26",
                "sha256:36bc903cbb393720fad60fc28c10de6acf10dc6cc883f3e24ee4012371399a38",
                "sha256:37205cac2a79194e3750b0af2a5720d95f786a55ce7df90c3af697bfa100eaac",
                "sha256:3c112550557578c26af18a1ccc9e090bfe03832ae994343cfdacd287db6a6ae7",
                "sha256:3dd007d54ee88b46be476e293f48c85048603f5f516008bee124ddd891398ed6",
                "sha256:4296f2b1ce8c86a6aea78613c34bb1a672ea0e3de9c6ba08a960efe0b0a09047",
                "sha256:47ab1e7b91c098ab893b828deafa1203de86d0bc6ab587b160f78fe6c4011f75",
                "sha256:49e3ceeabbfb9d66c3aef5af3a60cc43b85c33df25ce03d0031a608b0a8b2e3f",
                "sha256:4dc8f9fb58f7364b63fd9f85013b780ef83c11857ae79f2feda41e270468dd9b",
                "sha256:4efca8f86c54b22348a5467704e3fec767b2db12fc39c6d963168ab1d3fc9135",
                "sha256:53edb4da6925ad13c07b6d26c2a852bd81e364f95301c66e930ab2aef5b5ddd8",
                "sha256:5855f8438a7d1d458206a2466bf82b0f104a3724bf96a1c781ab731e4201731a",
                "sha256:594c67807fb16238b30c44bdf74f36c02cdf22d1c8cda91ef8a0ed8dabf5620a",
                "sha256:5b6d930f030f8ed98e3e6c98ffa0652bdb82601e7a016ec2ab5d7ff23baa78d1",
                "sha256:5bb28c636d87e840583ee3adeb78172efc47c8b26127267f54a9c0ec251d41a9",
                "sha256:60bf42e36abfaf9aff1f50f52644b336d4f0a3fd6d8a60ca0d054ac9f713a864",
                "sha256:611d1ad9a4288cf3e3c16014564df047fe08410e628f89805e475368bd304914",
                "sha256:6300b8454aa6930a24b9618fbb54b5a68135092bc666f7b06901f897fa5c2fee",
                "sha256:63f3268ba69ace99cab4e3e3b5840b03340efed0948ab8f78d2fd87ee5442a4f",
                "sha256:6557b31b5e2c9ddf0de32a691f2312a32f77cd7681d8af66c2692efdbef84c18",
                "sha256:693ce3f9e70a6cf7d2fb9e6c9d8b204b6b39897a2c4a1aa65728d5ac97dcc1d8",
                "sha256:6a7fae0dd14cf60ad5ff42baa2e95727c3d81ded453457771d02b7d2b3f9c0c2",
                "sha256:6c4ca60fa24e85fe25b912b01e62cb969d69a23a5d5867682dd3e80b5b02581d",
                "sha256:6fcf051089389abe060c9cd7caa212c707e58153afa2c649f00346ce6d260f1b",
                "sha256:7d91275b0245b1da4d4cfa07e0faedd5b0812efc15b702576d103293e252af1b",
                "sha256:89c687013cb1cd489a0f0ac24febe8c7a666e6e221b783e53ac50ebf68e45d86",
                "sha256:8d206346619592c6200148b01a2142798c989edcb9c896f9ac9722a99d4e77e6",
                "sha256:905fec760bd2fa1388bb5b489ee8ee5f7291d692638ea5f67982d968366bef9f",
                "sha256:97383d78eb34da7e1fa37dd273c20ad4320929af65d156e35a5e2d89566d9dfb",
                "sha256:984d76483eb32f1bcb536dc27e4ad56bba4baa70be32fa87152832cdd9db0833",
                "sha256:99df47edb6bda1249d3e80fdabb1dab8c08ef3975f69aed437cb69d0a5de1e28",
                "sha256:9f02365d4e99430a12647f09b6cc8bab61a6564363f313126f775eb4f6ef798e",
                "sha256:a30e67a65b53ea0a5e62fe23682cfe22712e01f453b95233b25502f7c61cb415",
                "sha256:ab3ef638ace319fa26553db0624c4699e31a28bb2a835c5faca8f8acf6a5a902",
                "sha256:aca6377c0cb8a8253e493c6b451565ac77e98c2951c45f913e0b52facdcff83f",
                "sha256:add36cb2dbb8b736611303cd3bfcee00afd96471b09cda130da3581cbdc56a6d",
                "sha256:b2f4bf27480f5e5e8ce285a8c8fd176c0b03e93dcc6646477d4630e83440c6a9",
                "sha256:b7f2d075102dc8c794cbde1947378051c4e5180d52d276987b8d28a3bd58c17d",
                "sha256:baa1a4e8f868845af802979fcdbf0bb11f94f1cb7ced4c4b8a351bb60d108145",
                "sha256:be98f628055368795d818ebf93da628541e10b75b41c559fdf36d104c5787066",
                "sha256:bf5d821ffabf0ef3533c39c518f3357b171a1651c1ff6827325e4489b0e46c3c",
                "sha256:c47adbc92fc1bb2b3274c4b3a43ae0e4573d9fbff4f54cd484555edbf030baf1",
                "sha256:cdfba22ea2f0029c9261a4bd07e830a8da012291fbe44dc794e488b6c9bb353a",
                "sha256:d6c7ebd4e944c85e2c3421e612a7057a2f48d478d79e61800d81468a8d842207",
                "sha256:d7f9850398e85aba693bb640262d3611788b1f29a79f0c93c565694658f4071f",
                "sha256:d8446c54dc28c01e5a2dbac5a25f071f6653e6e40f3a8818e8b45d790fe6ef53",
                "sha256:deb993cacb280823246a026e3b2d81c493c53de6acfd5e6bfe31ab3402bb37dd",
                "sha256:e0f138900af21926a02425cf736db95be9f4af72ba1bb21453432a07f6082134",
                "sha256:e9936f0b261d4df76ad22f8fee3ae83b60d7c3e871292cd42f40b81b70afae85",
                "sha256:f0567c4dc99f264f49fe27da5f735f414c4e7e7dd850cfd8e69f0862d7c74ea9",
                "sha256:f5653a225f31e113b152e56f154ccbe59eeb1c7487b39b9d9f9cdb58e6c79dc5",
                "sha256:f826e31d18b516f653fe296d967d700fddad5901ae07c622bb3705955e1faa94",
                "sha256:f8ba0e8349a38d3001fae7eadded3f6606f0da5d748ee53cc1dab1d6527b9509",
                "sha256:f9081981fe268bd86831e5c75f7de206ef275defcb82bc70740ae6dc507aee51",
                "sha256:fa130dd50c57d53368c9d59395cb5526eda596d3ffe36666cd81a44d56e48872"
            ],
            "markers": "python_version >= '3.6'",
            "version": "==2.0.1"
        },
        "marshmallow": {
            "hashes": [
                "sha256:171f409d48b44786b7df2793cbd7f1a9062f0fe2c14d547da536b5010f671ade",
                "sha256:c231784b5a5d2b26e50c90f3038004a3552ec27658cde6e0a5a7279d0c5a8e26"
            ],
            "index": "pypi",
            "version": "==2.15.3"
        },
        "more-itertools": {
            "hashes": [
                "sha256:1bc4f91ee5b1b31ac7ceacc17c09befe6a40a503907baf9c839c229b5095cfd2",
                "sha256:c09443cd3d5438b8dafccd867a6bc1cb0894389e90cb53d227456b0b0bccb750"
            ],
            "markers": "python_version >= '3.5'",
            "version": "==8.14.0"
        },
        "pluggy": {
            "hashes": [
                "sha256:6e3836e39f4d36ae72840833db137f7b7d35105079aee6ec4a62d9f80d594dd1",
                "sha256:95eb8364a4708392bae89035f45341871286a333f749c3141c20573d2b3876e1"
            ],
            "markers": "python_version >= '2.7' and python_version not in '3.0, 3.1, 3.2, 3.3'",
            "version": "==0.7.1"
        },
        "psycopg2": {
            "hashes": [
                "sha256:0b9e48a1c1505699a64ac58815ca99104aacace8321e455072cee4f7fe7b2698",
                "sha256:0f4c784e1b5a320efb434c66a50b8dd7e30a7dc047e8f45c0a8d2694bfe72781",
                "sha256:0fdbaa32c9eb09ef09d425dc154628fca6fa69d2f7c1a33f889abb7e0efb3909",
                "sha256:11fbf688d5c953c0a5ba625cc42dea9aeb2321942c7c5ed9341a68f865dc8cb1",
                "sha256:19eaac4eb25ab078bd0f28304a0cb08702d120caadfe76bb1e6846ed1f68635e",
                "sha256:3232ec1a3bf4dba97fbf9b03ce12e4b6c1d01ea3c85773903a67ced725728232",
                "sha256:36f8f9c216fcca048006f6dd60e4d3e6f406afde26cfb99e063f137070139eaf",
                "sha256:59c1a0e4f9abe970062ed35d0720935197800a7ef7a62b3a9e3a70588d9ca40b",
                "sha256:6506c5ff88750948c28d41852c09c5d2a49f51f28c6d90cbf1b6808e18c64e88",
                "sha256:6bc3e68ee16f571681b8c0b6d5c0a77bef3c589012352b3f0cf5520e674e9d01",
                "sha256:6dbbd7aabbc861eec6b910522534894d9dbb507d5819bc982032c3ea2e974f51",
                "sha256:6e737915de826650d1a5f7ff4ac6cf888a26f021a647390ca7bafdba0e85462b",
                "sha256:6ed9b2cfe85abc720e8943c1808eeffd41daa73e18b7c1e1a228b0b91f768ccc",
                "sha256:711ec617ba453fdfc66616db2520db3a6d9a891e3bf62ef9aba4c95bb4e61230",
                "sha256:844dacdf7530c5c612718cf12bc001f59b2d9329d35b495f1ff25045161aa6af",
                "sha256:86b52e146da13c896e50c5a3341a9448151f1092b1a4153e425d1e8b62fec508",
                "sha256:985c06c2a0f227131733ae58d6a541a5bc8b665e7305494782bebdb74202b793",
                "sha256:a86dfe45f4f9c55b1a2312ff20a59b30da8d39c0e8821d00018372a2a177098f",
                "sha256:aa3cd07f7f7e3183b63d48300666f920828a9dbd7d7ec53d450df2c4953687a9",
                "sha256:b1964ed645ef8317806d615d9ff006c0dadc09dfc54b99ae67f9ba7a1ec9d5d2",
                "sha256:b2abbff9e4141484bb89b96eb8eae186d77bc6d5ffbec6b01783ee5c3c467351",
                "sha256:cc33c3a90492e21713260095f02b12bee02b8d1f2c03a221d763ce04fa90e2e9",
                "sha256:d7de3bf0986d777807611c36e809b77a13bf1888f5c8db0ebf24b47a52d10726",
                "sha256:db5e3c52576cc5b93a959a03ccc3b02cb8f0af1fbbdc80645f7a215f0b864f3a",
                "sha256:e168aa795ffbb11379c942cf95bf813c7db9aa55538eb61de8c6815e092416f5",
                "sha256:e9ca911f8e2d3117e5241d5fa9aaa991cb22fb0792627eeada47425d706b5ec8",
                "sha256:eccf962d41ca46e6326b97c8fe0a6687b58dfc1a5f6540ed071ff1474cea749e",
                "sha256:efa19deae6b9e504a74347fe5e25c2cb9343766c489c2ae921b05f37338b18d1",
                "sha256:f4b0460a21f784abe17b496f66e74157a6c36116fa86da8bf6aa028b9e8ad5fe",
                "sha256:f93d508ca64d924d478fb11e272e09524698f0c581d9032e68958cfbdd41faef"
            ],
            "index": "pypi",
            "version": "==2.7.5"
        },
        "py": {
            "hashes": [
                "sha256:51c75c4126074b472f746a24399ad32f6053d1b34b68d2fa41e558e6f4a98719",
                "sha256:607c53218732647dff4acdfcd50cb62615cedf612e72d1724fb1a0cc6405b378"
            ],
            "markers": "python_version >= '2.7' and python_version not in '3.0, 3.1, 3.2, 3.3, 3.4'",
            "version": "==1.11.0"
        },
        "pyjwt": {
            "hashes": [
                "sha256:30b1380ff43b55441283cc2b2676b755cca45693ae3097325dea01f3d110628c",
                "sha256:4ee413b357d53fd3fb44704577afac88e72e878716116270d722723d65b42176"
            ],
            "index": "pypi",
            "version": "==1.6.4"
        },
        "pytest": {
            "hashes": [
                "sha256:341ec10361b64a24accaec3c7ba5f7d5ee1ca4cebea30f76fad3dd12db9f0541",
                "sha256:952c0389db115437f966c4c2079ae9d54714b9455190e56acebe14e8c38a7efa"
            ],
            "index": "pypi",
            "version": "==3.6.4"
        },
        "pytest-cov": {
            "hashes": [
                "sha256:03aa752cf11db41d281ea1d807d954c4eda35cfa1b21d6971966cc041bbf6e2d",
                "sha256:890fe5565400902b0c78b5357004aab1c814115894f4f21370e2433256a3eeec"
            ],
            "index": "pypi",
            "version": "==2.5.1"
        },
        "python-coveralls": {
            "hashes": [
                "sha256:1748272081e0fc21e2c20c12e5bd18cb13272db1b130758df0d473da0cb31087",
                "sha256:736dda01f64beda240e1500d5f264b969495b05fcb325c7c0eb7ebbfd1210b70"
            ],
            "index": "pypi",
            "version": "==2.9.1"
        },
        "python-dotenv": {
            "hashes": [
                "sha256:4965ed170bf51c347a89820e8050655e9c25db3837db6602e906b6d850fad85c",
                "sha256:509736185257111613009974e666568a1b031b028b61b500ef1ab4ee780089d5"
            ],
            "index": "pypi",
            "version": "==0.8.2"
        },
        "pyyaml": {
            "hashes": [
                "sha256:01b45c0191e6d66c470b6cf1b9531a771a83c1c4208272ead47a3ae4f2f603bf",
                "sha256:0283c35a6a9fbf047493e3a0ce8d79ef5030852c51e9d911a27badfde0605293",
                "sha256:055d937d65826939cb044fc8c9b08889e8c743fdc6a32b33e2390f66013e449b",
                "sha256:07751360502caac1c067a8132d150cf3d61339af5691fe9e87803040dbc5db57",
                "sha256:0b4624f379dab24d3725ffde76559cff63d9ec94e1736b556dacdfebe5ab6d4b",
                "sha256:0ce82d761c532fe4ec3f87fc45688bdd3a4c1dc5e0b4a19814b9009a29baefd4",
                "sha256:1e4747bc279b4f613a09eb64bba2ba602d8a6664c6ce6396a4d0cd413a50ce07",
                "sha256:213c60cd50106436cc818accf5baa1aba61c0189ff610f64f4a3e8c6726218ba",
                "sha256:231710d57adfd809ef5d34183b8ed1eeae3f76459c18fb4a0b373ad56bedcdd9",
                "sha256:277a0ef2981ca40581a47093e9e2d13b3f1fbbeffae064c1d21bfceba2030287",
                "sha256:2cd5df3de48857ed0544b34e2d40e9fac445930039f3cfe4bcc592a1f836d513",
                "sha256:40527857252b61eacd1d9af500c3337ba8deb8fc298940291486c465c8b46ec0",
                "sha256:432557aa2c09802be39460360ddffd48156e30721f5e8d917f01d31694216782",
                "sha256:473f9edb243cb1935ab5a084eb238d842fb8f404ed2193a915d1784b5a6b5fc0",
                "sha256:48c346915c114f5fdb3ead70312bd042a953a8ce5c7106d5bfb1a5254e47da92",
                "sha256:50602afada6d6cbfad699b0c7bb50d5ccffa7e46a3d738092afddc1f9758427f",
                "sha256:68fb519c14306fec9720a2a5b45bc9f0c8d1b9c72adf45c37baedfcd949c35a2",
                "sha256:77f396e6ef4c73fdc33a9157446466f1cff553d979bd00ecb64385760c6babdc",
                "sha256:81957921f441d50af23654aa6c5e5eaf9b06aba7f0a19c18a538dc7ef291c5a1",
                "sha256:819b3830a1543db06c4d4b865e70ded25be52a2e0631ccd2f6a47a2822f2fd7c",
                "sha256:897b80890765f037df3403d22bab41627ca8811ae55e9a722fd0392850ec4d86",
                "sha256:98c4d36e99714e55cfbaaee6dd5badbc9a1ec339ebfc3b1f52e293aee6bb71a4",
                "sha256:9df7ed3b3d2e0ecfe09e14741b857df43adb5a3ddadc919a2d94fbdf78fea53c",
                "sha256:9fa600030013c4de8165339db93d182b9431076eb98eb40ee068700c9c813e34",
                "sha256:a80a78046a72361de73f8f395f1f1e49f956c6be882eed58505a15f3e430962b",
                "sha256:afa17f5bc4d1b10afd4466fd3a44dc0e245382deca5b3c353d8b757f9e3ecb8d",
                "sha256:b3d267842bf12586ba6c734f89d1f5b871df0273157918b0ccefa29deb05c21c",
                "sha256:b5b9eccad747aabaaffbc6064800670f0c297e52c12754eb1d976c57e4f74dcb",
                "sha256:bfaef573a63ba8923503d27530362590ff4f576c626d86a9fed95822a8255fd7",
                "sha256:c5687b8d43cf58545ade1fe3e055f70eac7a5a1a0bf42824308d868289a95737",
                "sha256:cba8c411ef271aa037d7357a2bc8f9ee8b58b9965831d9e51baf703280dc73d3",
                "sha256:d15a181d1ecd0d4270dc32edb46f7cb7733c7c508857278d3d378d14d606db2d",
                "sha256:d4b0ba9512519522b118090257be113b9468d804b19d63c71dbcf4a48fa32358",
                "sha256:d4db7c7aef085872ef65a8fd7d6d09a14ae91f691dec3e87ee5ee0539d516f53",
                "sha256:d4eccecf9adf6fbcc6861a38015c2a64f38b9d94838ac1810a9023a0609e1b78",
                "sha256:d67d839ede4ed1b28a4e8909735fc992a923cdb84e618544973d7dfc71540803",
                "sha256:daf496c58a8c52083df09b80c860005194014c3698698d1a57cbcfa182142a3a",
                "sha256:dbad0e9d368bb989f4515da330b88a057617d16b6a8245084f1b05400f24609f",
                "sha256:e61ceaab6f49fb8bdfaa0f92c4b57bcfbea54c09277b1b4f7ac376bfb7a7c174",
                "sha256:f84fbc98b019fef2ee9a1cb3ce93e3187a6df0b2538a651bfb890254ba9f90b5"
            ],
            "markers": "python_version >= '3.6'",
            "version": "==6.0"
        },
        "requests": {
            "hashes": [
                "sha256:68d7c56fd5a8999887728ef304a6d12edc7be74f1cfa47714fc8b414525c9a61",
                "sha256:f22fa1e554c9ddfd16e6e41ac79759e17be9e492b3587efa038054674760e72d"
            ],
            "markers": "python_version >= '2.7' and python_version not in '3.0, 3.1, 3.2, 3.3, 3.4, 3.5'",
            "version": "==2.27.1"
        },
        "setuptools": {
            "hashes": [
                "sha256:22c7348c6d2976a52632c67f7ab0cdf40147db7789f9aed18734643fe9cf3373",
                "sha256:4ce92f1e1f8f01233ee9952c04f6b81d1e02939d6e1b488428154974a4d0783e"
            ],
            "markers": "python_version >= '3.6'",
            "version": "==59.6.0"
        },
        "six": {
            "hashes": [
                "sha256:1e61c37477a1626458e36f7b1d82aa5c9b094fa4802892072e49de9c60c4c926",
                "sha256:8abb2f1d86890a2dfb989f9a77cfcfd3e47c2a354b01111771326f8aa26e0254"
            ],
            "markers": "python_version >= '2.7' and python_version not in '3.0, 3.1, 3.2, 3.3'",
            "version": "==1.16.0"
        },
        "sqlalchemy": {
            "hashes": [
                "sha256:0be9b479c5806cece01f1581726573a8d6515f8404e082c375b922c45cfc2a7b",
                "sha256:17aee7bfcef7bf0dea92f10e5dfdd67418dcf6fe0759f520e168b605855c003e",
                "sha256:21f3df74a0ab39e1255e94613556e33c1dc3b454059fe0b365ec3bbb9ed82e4a",
                "sha256:237067ba0ef45a518b64606e1807f7229969ad568288b110ed5f0ca714a3ed3a",
                "sha256:2dda5f96719ae89b3ec0f1b79698d86eb9aecb1d54e990abb3fdd92c04b46a90",
                "sha256:393f51a09778e8984d735b59a810731394308b4038acdb1635397c2865dae2b6",
                "sha256:3ca21b35b714ce36f4b8d1ee8d15f149db8eb43a472cf71600bf18dae32286e7",
                "sha256:3cbdbed8cdcae0f83640a9c44fa02b45a6c61e149c58d45a63c9581aba62850f",
                "sha256:3eba07f740488c3a125f17c092a81eeae24a6c7ec32ac9dbc52bf7afaf0c4f16",
                "sha256:3f68eab46649504eb95be36ca529aea16cd199f080726c28cbdbcbf23d20b2a2",
                "sha256:4c56e6899fa6e767e4be5d106941804a4201c5cb9620a409c0b80448ec70b656",
                "sha256:53f90a2374f60e703c94118d21533765412da8225ba98659de7dd7998641ab17",
                "sha256:595b185041a4dc5c685283ea98c2f67bbfa47bb28e4a4f5b27ebf40684e7a9f8",
                "sha256:65a0ad931944fcb0be12a8e0ac322dbd3ecf17c53f088bc10b6da8f0caac287b",
                "sha256:68e0cd5d32a32c4395168d42f2fefbb03b817ead3a8f3704b8bd5697c0b26c24",
                "sha256:6a06c2506c41926d2769f7968759995f2505e31c5b5a0821e43ca5a3ddb0e8ae",
                "sha256:6d7e1b28342b45f19e3dea7873a9479e4a57e15095a575afca902e517fb89652",
                "sha256:6f0ea4d7348feb5e5d0bf317aace92e28398fa9a6e38b7be9ec1f31aad4a8039",
                "sha256:7313e4acebb9ae88dbde14a8a177467a7625b7449306c03a3f9f309b30e163d0",
                "sha256:7cf7c7adbf4417e3f46fc5a2dbf8395a5a69698217337086888f79700a12e93a",
                "sha256:80ead36fb1d676cc019586ffdc21c7e906ce4bf243fe4021e4973dae332b6038",
                "sha256:9470633395e5f24d6741b4c8a6e905bce405a28cf417bba4ccbaadf3dab0111d",
                "sha256:94c0093678001f5d79f2dcbf3104c54d6c89e41ab50d619494c503a4d3f1aef2",
                "sha256:95f4f8d62589755b507218f2e3189475a4c1f5cc9db2aec772071a7dc6cd5726",
                "sha256:9c857676d810ca196be73c98eb839125d6fa849bfa3589be06201a6517f9961c",
                "sha256:a22208c1982f1fe2ae82e5e4c3d4a6f2445a7a0d65fb7983a3d7cbbe3983f5a4",
                "sha256:ad5f966623905ee33694680dda1b735544c99c7638f216045d21546d3d8c6f5b",
                "sha256:ae1ed1ebc407d2f66c6f0ec44ef7d56e3f455859df5494680e2cf89dad8e3ae0",
                "sha256:afd1ac99179d1864a68c06b31263a08ea25a49df94e272712eb2824ef151e294",
                "sha256:b6a337a2643a41476fb6262059b8740f4b9a2ec29bf00ffb18c18c080f6e0aed",
                "sha256:b737fbeb2f78926d1f59964feb287bbbd050e7904766f87c8ce5cfb86e6d840c",
                "sha256:c46322354c58d4dc039a2c982d28284330f8919f31206894281f4b595b9d8dbe",
                "sha256:c7e3b9e01fdbe1ce3a165cc7e1ff52b24813ee79c6df6dee0d1e13888a97817e",
                "sha256:c9aa372b295a36771cffc226b6517df3011a7d146ac22d19fa6a75f1cdf9d7e6",
                "sha256:d3b6d4588994da73567bb00af9d7224a16c8027865a8aab53ae9be83f9b7cbd1",
                "sha256:d3b9ac11f36ab9a726097fba7c7f6384f0129aedb017f1d4d1d4fce9052a1320",
                "sha256:d654870a66027af3a26df1372cf7f002e161c6768ebe4c9c6fdc0da331cb5173",
                "sha256:d8080bc51a775627865e0f1dbfc0040ff4ace685f187f6036837e1727ba2ed10",
                "sha256:da60b98b0f6f0df9fbf8b72d67d13b73aa8091923a48af79a951d4088530a239",
                "sha256:f5e8ed9cde48b76318ab989deeddc48f833d2a6a7b7c393c49b704f67dedf01d",
                "sha256:f8e5443295b218b08bef8eb85d31b214d184b3690d99a33b7bd8e5591e2b0aa1"
            ],
            "markers": "python_version >= '2.7' and python_version not in '3.0, 3.1, 3.2, 3.3, 3.4, 3.5'",
            "version": "==1.4.44"
        },
        "typing-extensions": {
            "hashes": [
                "sha256:1a9462dcc3347a79b1f1c0271fbe79e844580bb598bafa1ed208b94da3cdcd42",
                "sha256:21c85e0fe4b9a155d0799430b0ad741cdce7e359660ccbd8b530613e8df88ce2"
            ],
            "markers": "python_version < '3.8'",
            "version": "==4.1.1"
        },
        "urllib3": {
            "hashes": [
                "sha256:47cc05d99aaa09c9e72ed5809b60e7ba354e64b59c9c173ac3018642d8bb41fc",
                "sha256:c083dd0dce68dbfbe1129d5271cb90f9447dea7d52097c6e0126120c521ddea8"
            ],
            "markers": "python_version >= '2.7' and python_version not in '3.0, 3.1, 3.2, 3.3, 3.4, 3.5'",
            "version": "==1.26.13"
        },
        "werkzeug": {
            "hashes": [
                "sha256:1421ebfc7648a39a5c58c601b154165d05cf47a3cd0ccb70857cbdacf6c8f2b8",
                "sha256:b863f8ff057c522164b6067c9e28b041161b4be5ba4d0daceeaa50a163822d3c"
            ],
            "markers": "python_version >= '3.6'",
            "version": "==2.0.3"
        },
        "zipp": {
            "hashes": [
                "sha256:71c644c5369f4a6e07636f0aa966270449561fcea2e3d6747b8d23efaa9d7832",
                "sha256:9fe5ea21568a0a70e50f273397638d39b03353731e6cbbb3fd8502a33fec40bc"
            ],
            "markers": "python_version >= '3.6'",
            "version": "==3.6.0"
        }
    },
    "develop": {}
}
